
Microsoft Visual Studio Solution File, Format Version 12.00
# Visual Studio Version 17
VisualStudioVersion = 17.4.33213.308
MinimumVisualStudioVersion = 10.0.40219.1
Project("{FAE04EC0-301F-11D3-BF4B-00C04F79EFBC}") = "PripremaVjezba01", "PripremaVjezba01.csproj", "{C1B60730-F0E4-4B94-AE02-2BF8E7063AA7}"
EndProject
Global
	GlobalSection(SolutionConfigurationPlatforms) = preSolution
		Debug|Any CPU = Debug|Any CPU
		Release|Any CPU = Release|Any CPU
	EndGlobalSection
	GlobalSection(ProjectConfigurationPlatforms) = postSolution
		{C1B60730-F0E4-4B94-AE02-2BF8E7063AA7}.Debug|Any CPU.ActiveCfg = Debug|Any CPU
		{C1B60730-F0E4-4B94-AE02-2BF8E7063AA7}.Debug|Any CPU.Build.0 = Debug|Any CPU
		{C1B60730-F0E4-4B94-AE02-2BF8E7063AA7}.Release|Any CPU.ActiveCfg = Release|Any CPU
		{C1B60730-F0E4-4B94-AE02-2BF8E7063AA7}.Release|Any CPU.Build.0 = Release|Any CPU
	EndGlobalSection
	GlobalSection(SolutionProperties) = preSolution
		HideSolutionNode = FALSE
	EndGlobalSection
	GlobalSection(ExtensibilityGlobals) = postSolution
		SolutionGuid = {E2285BD8-E828-49C9-A561-06C566713D5D}
	EndGlobalSection
EndGlobal
